
Microsoft Visual Studio Solution File, Format Version 12.00
# Visual Studio Version 17
VisualStudioVersion = 17.3.32929.385
MinimumVisualStudioVersion = 10.0.40219.1
Project("{FAE04EC0-301F-11D3-BF4B-00C04F79EFBC}") = "WiiUCafeSDKDeluxe", "WiiUCafeSDKDeluxe\WiiUCafeSDKDeluxe.csproj", "{BD56082E-6C47-4B88-97DD-18FD12903326}"
EndProject
Global
	GlobalSection(SolutionConfigurationPlatforms) = preSolution
		Debug|Any CPU = Debug|Any CPU
		Release|Any CPU = Release|Any CPU
	EndGlobalSection
	GlobalSection(ProjectConfigurationPlatforms) = postSolution
		{BD56082E-6C47-4B88-97DD-18FD12903326}.Debug|Any CPU.ActiveCfg = Debug|Any CPU
		{BD56082E-6C47-4B88-97DD-18FD12903326}.Debug|Any CPU.Build.0 = Debug|Any CPU
		{BD56082E-6C47-4B88-97DD-18FD12903326}.Release|Any CPU.ActiveCfg = Release|Any CPU
		{BD56082E-6C47-4B88-97DD-18FD12903326}.Release|Any CPU.Build.0 = Release|Any CPU
	EndGlobalSection
	GlobalSection(SolutionProperties) = preSolution
		HideSolutionNode = FALSE
	EndGlobalSection
	GlobalSection(ExtensibilityGlobals) = postSolution
		SolutionGuid = {EEDE00F0-BE26-4D5F-89A1-F55C10265A5A}
	EndGlobalSection
EndGlobal
